
Microsoft Visual Studio Solution File, Format Version 12.00
# Visual Studio 2017
Project("{FAE04EC0-301F-11D3-BF4B-00C04F79EFBC}") = "gravityball", "gravityball.csproj", "{CBD8C0DE-3DDC-EE96-C5C8-75BFE5D7F1C0}"
EndProject
Project("{FAE04EC0-301F-11D3-BF4B-00C04F79EFBC}") = "gravityball.Editor", "gravityball.Editor.csproj", "{75F65967-CA26-B44D-CB13-044B3EAA8D29}"
EndProject
Global
	GlobalSection(SolutionConfigurationPlatforms) = preSolution
		Debug|Any CPU = Debug|Any CPU
		Release|Any CPU = Release|Any CPU
	EndGlobalSection
	GlobalSection(ProjectConfigurationPlatforms) = postSolution
		{CBD8C0DE-3DDC-EE96-C5C8-75BFE5D7F1C0}.Debug|Any CPU.ActiveCfg = Debug|Any CPU
		{CBD8C0DE-3DDC-EE96-C5C8-75BFE5D7F1C0}.Debug|Any CPU.Build.0 = Debug|Any CPU
		{CBD8C0DE-3DDC-EE96-C5C8-75BFE5D7F1C0}.Release|Any CPU.ActiveCfg = Release|Any CPU
		{CBD8C0DE-3DDC-EE96-C5C8-75BFE5D7F1C0}.Release|Any CPU.Build.0 = Release|Any CPU
		{75F65967-CA26-B44D-CB13-044B3EAA8D29}.Debug|Any CPU.ActiveCfg = Debug|Any CPU
		{75F65967-CA26-B44D-CB13-044B3EAA8D29}.Debug|Any CPU.Build.0 = Debug|Any CPU
		{75F65967-CA26-B44D-CB13-044B3EAA8D29}.Release|Any CPU.ActiveCfg = Release|Any CPU
		{75F65967-CA26-B44D-CB13-044B3EAA8D29}.Release|Any CPU.Build.0 = Release|Any CPU
	EndGlobalSection
	GlobalSection(SolutionProperties) = preSolution
		HideSolutionNode = FALSE
	EndGlobalSection
EndGlobal
